
Microsoft Visual Studio Solution File, Format Version 12.00
# Visual Studio Version 17
VisualStudioVersion = 17.4.33205.214
MinimumVisualStudioVersion = 10.0.40219.1
Project("{FAE04EC0-301F-11D3-BF4B-00C04F79EFBC}") = "Welcome_to_Acme", "Welcome_to_Acme\Welcome_to_Acme.csproj", "{425DC890-B8EA-4C96-B8B4-798435878EB4}"
EndProject
Global
	GlobalSection(SolutionConfigurationPlatforms) = preSolution
		Debug|Any CPU = Debug|Any CPU
		Release|Any CPU = Release|Any CPU
	EndGlobalSection
	GlobalSection(ProjectConfigurationPlatforms) = postSolution
		{425DC890-B8EA-4C96-B8B4-798435878EB4}.Debug|Any CPU.ActiveCfg = Debug|Any CPU
		{425DC890-B8EA-4C96-B8B4-798435878EB4}.Debug|Any CPU.Build.0 = Debug|Any CPU
		{425DC890-B8EA-4C96-B8B4-798435878EB4}.Release|Any CPU.ActiveCfg = Release|Any CPU
		{425DC890-B8EA-4C96-B8B4-798435878EB4}.Release|Any CPU.Build.0 = Release|Any CPU
	EndGlobalSection
	GlobalSection(SolutionProperties) = preSolution
		HideSolutionNode = FALSE
	EndGlobalSection
	GlobalSection(ExtensibilityGlobals) = postSolution
		SolutionGuid = {E350AF6A-2BF7-417F-AA51-EF0F353505DA}
	EndGlobalSection
EndGlobal
